
Microsoft Visual Studio Solution File, Format Version 12.00
# Visual Studio 2012
Project("{070BCB52-5A75-4F8C-A973-144AF0EAFCC9}") = "eSoRP", "eSoRP\eSoRP.iceproj", "{3251DD95-EEB2-4D6D-9F7F-A76D7573D19D}"
EndProject
Global
	GlobalSection(SolutionConfigurationPlatforms) = preSolution
		Debug|Any CPU = Debug|Any CPU
		Release|Any CPU = Release|Any CPU
	EndGlobalSection
	GlobalSection(ProjectConfigurationPlatforms) = postSolution
		{3251DD95-EEB2-4D6D-9F7F-A76D7573D19D}.Debug|Any CPU.ActiveCfg = Debug|Any CPU
		{3251DD95-EEB2-4D6D-9F7F-A76D7573D19D}.Debug|Any CPU.Build.0 = Debug|Any CPU
		{3251DD95-EEB2-4D6D-9F7F-A76D7573D19D}.Release|Any CPU.ActiveCfg = Release|Any CPU
		{3251DD95-EEB2-4D6D-9F7F-A76D7573D19D}.Release|Any CPU.Build.0 = Release|Any CPU
	EndGlobalSection
	GlobalSection(SolutionProperties) = preSolution
		HideSolutionNode = FALSE
	EndGlobalSection
EndGlobal
